
Microsoft Visual Studio Solution File, Format Version 11.00
# Visual Studio 2010
Project("{FAE04EC0-301F-11D3-BF4B-00C04F79EFBC}") = "practica1", "practica1\practica1.csproj", "{8673D4F2-ED29-440E-B75D-4B0BC0187070}"
EndProject
Global
	GlobalSection(SolutionConfigurationPlatforms) = preSolution
		Debug|x86 = Debug|x86
		Release|x86 = Release|x86
	EndGlobalSection
	GlobalSection(ProjectConfigurationPlatforms) = postSolution
		{8673D4F2-ED29-440E-B75D-4B0BC0187070}.Debug|x86.ActiveCfg = Debug|x86
		{8673D4F2-ED29-440E-B75D-4B0BC0187070}.Debug|x86.Build.0 = Debug|x86
		{8673D4F2-ED29-440E-B75D-4B0BC0187070}.Release|x86.ActiveCfg = Release|x86
		{8673D4F2-ED29-440E-B75D-4B0BC0187070}.Release|x86.Build.0 = Release|x86
	EndGlobalSection
	GlobalSection(MonoDevelopProperties) = preSolution
		StartupItem = practica1\practica1.csproj
	EndGlobalSection
EndGlobal
